
Microsoft Visual Studio Solution File, Format Version 12.00
# Visual Studio Version 16
VisualStudioVersion = 16.0.31702.278
MinimumVisualStudioVersion = 10.0.40219.1
Project("{FAE04EC0-301F-11D3-BF4B-00C04F79EFBC}") = "GerenciadorDeMetas", "GerenciadorDeMetas.csproj", "{75D70E66-8DC9-4805-BA7B-98514450F655}"
EndProject
Global
	GlobalSection(SolutionConfigurationPlatforms) = preSolution
		Debug|Any CPU = Debug|Any CPU
		Release|Any CPU = Release|Any CPU
	EndGlobalSection
	GlobalSection(ProjectConfigurationPlatforms) = postSolution
		{75D70E66-8DC9-4805-BA7B-98514450F655}.Debug|Any CPU.ActiveCfg = Debug|Any CPU
		{75D70E66-8DC9-4805-BA7B-98514450F655}.Debug|Any CPU.Build.0 = Debug|Any CPU
		{75D70E66-8DC9-4805-BA7B-98514450F655}.Release|Any CPU.ActiveCfg = Release|Any CPU
		{75D70E66-8DC9-4805-BA7B-98514450F655}.Release|Any CPU.Build.0 = Release|Any CPU
	EndGlobalSection
	GlobalSection(SolutionProperties) = preSolution
		HideSolutionNode = FALSE
	EndGlobalSection
	GlobalSection(ExtensibilityGlobals) = postSolution
		SolutionGuid = {F070C88C-1479-484E-8909-6F05EC8D01F1}
	EndGlobalSection
EndGlobal
